
Microsoft Visual Studio Solution File, Format Version 12.00
# Visual Studio Version 17
VisualStudioVersion = 17.0.31903.59
MinimumVisualStudioVersion = 10.0.40219.1
Project("{FAE04EC0-301F-11D3-BF4B-00C04F79EFBC}") = "AnimatLabs.WorkflowForge.CoravelScheduledWorkflows", "AnimatLabs.WorkflowForge.CoravelScheduledWorkflows\AnimatLabs.WorkflowForge.CoravelScheduledWorkflows.csproj", "{C2F072F8-E50C-4C3E-9269-DA97C2D50F40}"
EndProject
Project("{FAE04EC0-301F-11D3-BF4B-00C04F79EFBC}") = "AnimatLabs.WorkflowForge.Workflows.Sample", "AnimatLabs.WorkflowForge.Workflows.Sample\AnimatLabs.WorkflowForge.Workflows.Sample.csproj", "{500A75D9-4842-41EC-BF4C-AF276E24968D}"
EndProject
Global
	GlobalSection(SolutionConfigurationPlatforms) = preSolution
		Debug|Any CPU = Debug|Any CPU
		Release|Any CPU = Release|Any CPU
	EndGlobalSection
	GlobalSection(SolutionProperties) = preSolution
		HideSolutionNode = FALSE
	EndGlobalSection
	GlobalSection(ProjectConfigurationPlatforms) = postSolution
		{C2F072F8-E50C-4C3E-9269-DA97C2D50F40}.Debug|Any CPU.ActiveCfg = Debug|Any CPU
		{C2F072F8-E50C-4C3E-9269-DA97C2D50F40}.Debug|Any CPU.Build.0 = Debug|Any CPU
		{C2F072F8-E50C-4C3E-9269-DA97C2D50F40}.Release|Any CPU.ActiveCfg = Release|Any CPU
		{C2F072F8-E50C-4C3E-9269-DA97C2D50F40}.Release|Any CPU.Build.0 = Release|Any CPU
		{500A75D9-4842-41EC-BF4C-AF276E24968D}.Debug|Any CPU.ActiveCfg = Debug|Any CPU
		{500A75D9-4842-41EC-BF4C-AF276E24968D}.Debug|Any CPU.Build.0 = Debug|Any CPU
		{500A75D9-4842-41EC-BF4C-AF276E24968D}.Release|Any CPU.ActiveCfg = Release|Any CPU
		{500A75D9-4842-41EC-BF4C-AF276E24968D}.Release|Any CPU.Build.0 = Release|Any CPU
	EndGlobalSection
EndGlobal
