
Microsoft Visual Studio Solution File, Format Version 12.00
# Visual Studio Version 17
VisualStudioVersion = 17.6.33829.357
MinimumVisualStudioVersion = 10.0.40219.1
Project("{FAE04EC0-301F-11D3-BF4B-00C04F79EFBC}") = "Runner", "Runner\Runner.csproj", "{65F1A218-4795-453A-9053-0BC47F0E0AB2}"
EndProject
Project("{9A19103F-16F7-4668-BE54-9A1E7A4F7556}") = "Iterations", "Iterations\Iterations.csproj", "{C9067E35-8BE1-4635-A968-A3914DE1875F}"
EndProject
Project("{FAE04EC0-301F-11D3-BF4B-00C04F79EFBC}") = "Mapping", "Mapping\Mapping.csproj", "{19F0546D-9BAA-4434-80EC-A5D3D356A90E}"
EndProject
Global
	GlobalSection(SolutionConfigurationPlatforms) = preSolution
		Debug|Any CPU = Debug|Any CPU
		Release|Any CPU = Release|Any CPU
	EndGlobalSection
	GlobalSection(ProjectConfigurationPlatforms) = postSolution
		{65F1A218-4795-453A-9053-0BC47F0E0AB2}.Debug|Any CPU.ActiveCfg = Debug|Any CPU
		{65F1A218-4795-453A-9053-0BC47F0E0AB2}.Debug|Any CPU.Build.0 = Debug|Any CPU
		{65F1A218-4795-453A-9053-0BC47F0E0AB2}.Release|Any CPU.ActiveCfg = Release|Any CPU
		{65F1A218-4795-453A-9053-0BC47F0E0AB2}.Release|Any CPU.Build.0 = Release|Any CPU
		{C9067E35-8BE1-4635-A968-A3914DE1875F}.Debug|Any CPU.ActiveCfg = Debug|Any CPU
		{C9067E35-8BE1-4635-A968-A3914DE1875F}.Debug|Any CPU.Build.0 = Debug|Any CPU
		{C9067E35-8BE1-4635-A968-A3914DE1875F}.Release|Any CPU.ActiveCfg = Release|Any CPU
		{C9067E35-8BE1-4635-A968-A3914DE1875F}.Release|Any CPU.Build.0 = Release|Any CPU
		{19F0546D-9BAA-4434-80EC-A5D3D356A90E}.Debug|Any CPU.ActiveCfg = Debug|Any CPU
		{19F0546D-9BAA-4434-80EC-A5D3D356A90E}.Debug|Any CPU.Build.0 = Debug|Any CPU
		{19F0546D-9BAA-4434-80EC-A5D3D356A90E}.Release|Any CPU.ActiveCfg = Release|Any CPU
		{19F0546D-9BAA-4434-80EC-A5D3D356A90E}.Release|Any CPU.Build.0 = Release|Any CPU
	EndGlobalSection
	GlobalSection(SolutionProperties) = preSolution
		HideSolutionNode = FALSE
	EndGlobalSection
	GlobalSection(ExtensibilityGlobals) = postSolution
		SolutionGuid = {244EAEC1-046D-450D-902E-DD6D13D016F2}
	EndGlobalSection
EndGlobal
