
Microsoft Visual Studio Solution File, Format Version 12.00
# Visual Studio Version 17
VisualStudioVersion = 17.4.33110.190
MinimumVisualStudioVersion = 10.0.40219.1
Project("{FAE04EC0-301F-11D3-BF4B-00C04F79EFBC}") = "Sample.DataProtection", "Sample.DataProtection.csproj", "{F4F68E6D-54AD-4285-9DC5-F3862B8EAE98}"
EndProject
Global
	GlobalSection(SolutionConfigurationPlatforms) = preSolution
		Debug|Any CPU = Debug|Any CPU
		Release|Any CPU = Release|Any CPU
	EndGlobalSection
	GlobalSection(ProjectConfigurationPlatforms) = postSolution
		{F4F68E6D-54AD-4285-9DC5-F3862B8EAE98}.Debug|Any CPU.ActiveCfg = Debug|Any CPU
		{F4F68E6D-54AD-4285-9DC5-F3862B8EAE98}.Debug|Any CPU.Build.0 = Debug|Any CPU
		{F4F68E6D-54AD-4285-9DC5-F3862B8EAE98}.Release|Any CPU.ActiveCfg = Release|Any CPU
		{F4F68E6D-54AD-4285-9DC5-F3862B8EAE98}.Release|Any CPU.Build.0 = Release|Any CPU
	EndGlobalSection
	GlobalSection(SolutionProperties) = preSolution
		HideSolutionNode = FALSE
	EndGlobalSection
	GlobalSection(ExtensibilityGlobals) = postSolution
		SolutionGuid = {11A59963-7FF1-4D88-978E-AA1580845C4E}
	EndGlobalSection
EndGlobal
